
Microsoft Visual Studio Solution File, Format Version 12.00
# Visual Studio 15
VisualStudioVersion = 15.0.26403.7
MinimumVisualStudioVersion = 10.0.40219.1
Project("{FAE04EC0-301F-11D3-BF4B-00C04F79EFBC}") = "BirthDay(Aquarium)", "BirthDay(Aquarium)\BirthDay(Aquarium).csproj", "{D2F50B33-9589-4D67-B932-9F69894EEDE6}"
EndProject
Project("{FAE04EC0-301F-11D3-BF4B-00C04F79EFBC}") = "SewingWorkshop", "SewingWorkshop\SewingWorkshop.csproj", "{050A6D6C-851E-472C-ABB8-BA5D07662186}"
EndProject
Project("{FAE04EC0-301F-11D3-BF4B-00C04F79EFBC}") = "DanceHall", "DanceRoom\DanceHall.csproj", "{8CDCF5D1-10A8-4070-B104-400CE96DD03C}"
EndProject
Project("{FAE04EC0-301F-11D3-BF4B-00C04F79EFBC}") = "CharityCamaping", "CharityCamaping\CharityCamaping.csproj", "{BA26575F-3607-4220-82CC-B6D77FCFD1E1}"
EndProject
Project("{FAE04EC0-301F-11D3-BF4B-00C04F79EFBC}") = "BirthDay(DrinkCost)", "BirthDay(DrinkCost)\BirthDay(DrinkCost).csproj", "{E445E9B1-54CC-447F-B080-5F16578186C8}"
EndProject
Global
	GlobalSection(SolutionConfigurationPlatforms) = preSolution
		Debug|Any CPU = Debug|Any CPU
		Release|Any CPU = Release|Any CPU
	EndGlobalSection
	GlobalSection(ProjectConfigurationPlatforms) = postSolution
		{D2F50B33-9589-4D67-B932-9F69894EEDE6}.Debug|Any CPU.ActiveCfg = Debug|Any CPU
		{D2F50B33-9589-4D67-B932-9F69894EEDE6}.Debug|Any CPU.Build.0 = Debug|Any CPU
		{D2F50B33-9589-4D67-B932-9F69894EEDE6}.Release|Any CPU.ActiveCfg = Release|Any CPU
		{D2F50B33-9589-4D67-B932-9F69894EEDE6}.Release|Any CPU.Build.0 = Release|Any CPU
		{050A6D6C-851E-472C-ABB8-BA5D07662186}.Debug|Any CPU.ActiveCfg = Debug|Any CPU
		{050A6D6C-851E-472C-ABB8-BA5D07662186}.Debug|Any CPU.Build.0 = Debug|Any CPU
		{050A6D6C-851E-472C-ABB8-BA5D07662186}.Release|Any CPU.ActiveCfg = Release|Any CPU
		{050A6D6C-851E-472C-ABB8-BA5D07662186}.Release|Any CPU.Build.0 = Release|Any CPU
		{8CDCF5D1-10A8-4070-B104-400CE96DD03C}.Debug|Any CPU.ActiveCfg = Debug|Any CPU
		{8CDCF5D1-10A8-4070-B104-400CE96DD03C}.Debug|Any CPU.Build.0 = Debug|Any CPU
		{8CDCF5D1-10A8-4070-B104-400CE96DD03C}.Release|Any CPU.ActiveCfg = Release|Any CPU
		{8CDCF5D1-10A8-4070-B104-400CE96DD03C}.Release|Any CPU.Build.0 = Release|Any CPU
		{BA26575F-3607-4220-82CC-B6D77FCFD1E1}.Debug|Any CPU.ActiveCfg = Debug|Any CPU
		{BA26575F-3607-4220-82CC-B6D77FCFD1E1}.Debug|Any CPU.Build.0 = Debug|Any CPU
		{BA26575F-3607-4220-82CC-B6D77FCFD1E1}.Release|Any CPU.ActiveCfg = Release|Any CPU
		{BA26575F-3607-4220-82CC-B6D77FCFD1E1}.Release|Any CPU.Build.0 = Release|Any CPU
		{E445E9B1-54CC-447F-B080-5F16578186C8}.Debug|Any CPU.ActiveCfg = Debug|Any CPU
		{E445E9B1-54CC-447F-B080-5F16578186C8}.Debug|Any CPU.Build.0 = Debug|Any CPU
		{E445E9B1-54CC-447F-B080-5F16578186C8}.Release|Any CPU.ActiveCfg = Release|Any CPU
		{E445E9B1-54CC-447F-B080-5F16578186C8}.Release|Any CPU.Build.0 = Release|Any CPU
	EndGlobalSection
	GlobalSection(SolutionProperties) = preSolution
		HideSolutionNode = FALSE
	EndGlobalSection
EndGlobal
