
Microsoft Visual Studio Solution File, Format Version 12.00
# Visual Studio 15
VisualStudioVersion = 15.0.26403.7
MinimumVisualStudioVersion = 10.0.40219.1
Project("{FAE04EC0-301F-11D3-BF4B-00C04F79EFBC}") = "1.CatDiet", "1.CatDiet\1.CatDiet.csproj", "{34290216-9E1B-4A39-A8B4-B02C33BBA40F}"
EndProject
Project("{FAE04EC0-301F-11D3-BF4B-00C04F79EFBC}") = "2.CatWalking", "2.CatWalking\2.CatWalking.csproj", "{D927ED82-C744-473C-A8F0-C9A674CA7668}"
EndProject
Project("{FAE04EC0-301F-11D3-BF4B-00C04F79EFBC}") = "3.CatTrainingAttendance", "3.CatTrainingAttendance\3.CatTrainingAttendance.csproj", "{743FA88E-ACCC-44E0-AFFF-3809732A8F3A}"
EndProject
Project("{FAE04EC0-301F-11D3-BF4B-00C04F79EFBC}") = "4.CatFood", "4.CatFood\4.CatFood.csproj", "{C9443315-7EEA-4048-8F75-DD6BBE6E165A}"
EndProject
Project("{FAE04EC0-301F-11D3-BF4B-00C04F79EFBC}") = "5.CatFoodMeow", "5.CatFoodMeow\5.CatFoodMeow.csproj", "{7538B000-5898-4EBE-9747-732855B1D7A3}"
EndProject
Project("{FAE04EC0-301F-11D3-BF4B-00C04F79EFBC}") = "6.HappyCatParking", "6.HappyCatParking\6.HappyCatParking.csproj", "{1377A434-EAF8-4ED2-A7DA-E169D88E3BB2}"
EndProject
Global
	GlobalSection(SolutionConfigurationPlatforms) = preSolution
		Debug|Any CPU = Debug|Any CPU
		Release|Any CPU = Release|Any CPU
	EndGlobalSection
	GlobalSection(ProjectConfigurationPlatforms) = postSolution
		{34290216-9E1B-4A39-A8B4-B02C33BBA40F}.Debug|Any CPU.ActiveCfg = Debug|Any CPU
		{34290216-9E1B-4A39-A8B4-B02C33BBA40F}.Debug|Any CPU.Build.0 = Debug|Any CPU
		{34290216-9E1B-4A39-A8B4-B02C33BBA40F}.Release|Any CPU.ActiveCfg = Release|Any CPU
		{34290216-9E1B-4A39-A8B4-B02C33BBA40F}.Release|Any CPU.Build.0 = Release|Any CPU
		{D927ED82-C744-473C-A8F0-C9A674CA7668}.Debug|Any CPU.ActiveCfg = Debug|Any CPU
		{D927ED82-C744-473C-A8F0-C9A674CA7668}.Debug|Any CPU.Build.0 = Debug|Any CPU
		{D927ED82-C744-473C-A8F0-C9A674CA7668}.Release|Any CPU.ActiveCfg = Release|Any CPU
		{D927ED82-C744-473C-A8F0-C9A674CA7668}.Release|Any CPU.Build.0 = Release|Any CPU
		{743FA88E-ACCC-44E0-AFFF-3809732A8F3A}.Debug|Any CPU.ActiveCfg = Debug|Any CPU
		{743FA88E-ACCC-44E0-AFFF-3809732A8F3A}.Debug|Any CPU.Build.0 = Debug|Any CPU
		{743FA88E-ACCC-44E0-AFFF-3809732A8F3A}.Release|Any CPU.ActiveCfg = Release|Any CPU
		{743FA88E-ACCC-44E0-AFFF-3809732A8F3A}.Release|Any CPU.Build.0 = Release|Any CPU
		{C9443315-7EEA-4048-8F75-DD6BBE6E165A}.Debug|Any CPU.ActiveCfg = Debug|Any CPU
		{C9443315-7EEA-4048-8F75-DD6BBE6E165A}.Debug|Any CPU.Build.0 = Debug|Any CPU
		{C9443315-7EEA-4048-8F75-DD6BBE6E165A}.Release|Any CPU.ActiveCfg = Release|Any CPU
		{C9443315-7EEA-4048-8F75-DD6BBE6E165A}.Release|Any CPU.Build.0 = Release|Any CPU
		{7538B000-5898-4EBE-9747-732855B1D7A3}.Debug|Any CPU.ActiveCfg = Debug|Any CPU
		{7538B000-5898-4EBE-9747-732855B1D7A3}.Debug|Any CPU.Build.0 = Debug|Any CPU
		{7538B000-5898-4EBE-9747-732855B1D7A3}.Release|Any CPU.ActiveCfg = Release|Any CPU
		{7538B000-5898-4EBE-9747-732855B1D7A3}.Release|Any CPU.Build.0 = Release|Any CPU
		{1377A434-EAF8-4ED2-A7DA-E169D88E3BB2}.Debug|Any CPU.ActiveCfg = Debug|Any CPU
		{1377A434-EAF8-4ED2-A7DA-E169D88E3BB2}.Debug|Any CPU.Build.0 = Debug|Any CPU
		{1377A434-EAF8-4ED2-A7DA-E169D88E3BB2}.Release|Any CPU.ActiveCfg = Release|Any CPU
		{1377A434-EAF8-4ED2-A7DA-E169D88E3BB2}.Release|Any CPU.Build.0 = Release|Any CPU
	EndGlobalSection
	GlobalSection(SolutionProperties) = preSolution
		HideSolutionNode = FALSE
	EndGlobalSection
EndGlobal
