
Microsoft Visual Studio Solution File, Format Version 12.00
# Visual Studio 15
VisualStudioVersion = 15.0.26403.7
MinimumVisualStudioVersion = 10.0.40219.1
Project("{FAE04EC0-301F-11D3-BF4B-00C04F79EFBC}") = "OddAndEven", "OperatorsAndExpressions\OddAndEven.csproj", "{00489649-2531-4964-90A2-47BD5FEDABDA}"
EndProject
Project("{FAE04EC0-301F-11D3-BF4B-00C04F79EFBC}") = "MoonGravity", "MoonGravity\MoonGravity.csproj", "{1A795440-11E8-494B-9ED6-61ED2D1EA960}"
EndProject
Project("{FAE04EC0-301F-11D3-BF4B-00C04F79EFBC}") = "DivideBy7And5", "DivideBy7And5\DivideBy7And5.csproj", "{418695EB-2A0C-497E-9532-9E8DA2F9527A}"
EndProject
Project("{FAE04EC0-301F-11D3-BF4B-00C04F79EFBC}") = "Rectangles", "Rectangles\Rectangles.csproj", "{C1419586-6378-41DE-942A-D650B06C5375}"
EndProject
Project("{FAE04EC0-301F-11D3-BF4B-00C04F79EFBC}") = "ThirdDigit", "ThirdDigit\ThirdDigit.csproj", "{A8CD58E1-2ACE-433D-8729-ADC88A8A97DE}"
EndProject
Project("{FAE04EC0-301F-11D3-BF4B-00C04F79EFBC}") = "FourDigits", "FourDigits\FourDigits.csproj", "{B7E4098D-7664-47A0-AE0C-739E0593EB6B}"
EndProject
Project("{FAE04EC0-301F-11D3-BF4B-00C04F79EFBC}") = "PintInACircle", "PintInACircle\PintInACircle.csproj", "{A81D70F1-A93E-4C41-955E-6B84E6E856D5}"
EndProject
Project("{FAE04EC0-301F-11D3-BF4B-00C04F79EFBC}") = "PrimeCheck", "PrimeCheck\PrimeCheck.csproj", "{D2BCF9A8-60BB-4ACC-A088-02E0B6BB38AF}"
EndProject
Project("{FAE04EC0-301F-11D3-BF4B-00C04F79EFBC}") = "Trapezoid", "trapezoid\Trapezoid.csproj", "{32982156-006D-48FC-9F25-E0EC71DD324A}"
EndProject
Project("{FAE04EC0-301F-11D3-BF4B-00C04F79EFBC}") = "PointCircleRectangle", "PointCircleRectangle\PointCircleRectangle.csproj", "{F360BECD-A134-45A8-80A6-835DF4FC10A1}"
EndProject
Project("{FAE04EC0-301F-11D3-BF4B-00C04F79EFBC}") = "3rdBit", "3rdBit\3rdBit.csproj", "{54F042A9-5027-4A8A-8470-84FFE1409DBD}"
EndProject
Project("{FAE04EC0-301F-11D3-BF4B-00C04F79EFBC}") = "N-thBit", "N-thBit\N-thBit.csproj", "{377D67F4-8A88-491D-BD42-94F27C5190CE}"
EndProject
Project("{FAE04EC0-301F-11D3-BF4B-00C04F79EFBC}") = "ModifyBit", "ModifyBit\ModifyBit.csproj", "{B79866C5-C68F-4EEA-AD53-DE6A4D022E6C}"
EndProject
Project("{FAE04EC0-301F-11D3-BF4B-00C04F79EFBC}") = "BitExchange", "BitExchange\BitExchange.csproj", "{14590336-F42F-4211-B53B-3E2FDEA76BBA}"
EndProject
Global
	GlobalSection(SolutionConfigurationPlatforms) = preSolution
		Debug|Any CPU = Debug|Any CPU
		Release|Any CPU = Release|Any CPU
	EndGlobalSection
	GlobalSection(ProjectConfigurationPlatforms) = postSolution
		{00489649-2531-4964-90A2-47BD5FEDABDA}.Debug|Any CPU.ActiveCfg = Debug|Any CPU
		{00489649-2531-4964-90A2-47BD5FEDABDA}.Debug|Any CPU.Build.0 = Debug|Any CPU
		{00489649-2531-4964-90A2-47BD5FEDABDA}.Release|Any CPU.ActiveCfg = Release|Any CPU
		{00489649-2531-4964-90A2-47BD5FEDABDA}.Release|Any CPU.Build.0 = Release|Any CPU
		{1A795440-11E8-494B-9ED6-61ED2D1EA960}.Debug|Any CPU.ActiveCfg = Debug|Any CPU
		{1A795440-11E8-494B-9ED6-61ED2D1EA960}.Debug|Any CPU.Build.0 = Debug|Any CPU
		{1A795440-11E8-494B-9ED6-61ED2D1EA960}.Release|Any CPU.ActiveCfg = Release|Any CPU
		{1A795440-11E8-494B-9ED6-61ED2D1EA960}.Release|Any CPU.Build.0 = Release|Any CPU
		{418695EB-2A0C-497E-9532-9E8DA2F9527A}.Debug|Any CPU.ActiveCfg = Debug|Any CPU
		{418695EB-2A0C-497E-9532-9E8DA2F9527A}.Debug|Any CPU.Build.0 = Debug|Any CPU
		{418695EB-2A0C-497E-9532-9E8DA2F9527A}.Release|Any CPU.ActiveCfg = Release|Any CPU
		{418695EB-2A0C-497E-9532-9E8DA2F9527A}.Release|Any CPU.Build.0 = Release|Any CPU
		{C1419586-6378-41DE-942A-D650B06C5375}.Debug|Any CPU.ActiveCfg = Debug|Any CPU
		{C1419586-6378-41DE-942A-D650B06C5375}.Debug|Any CPU.Build.0 = Debug|Any CPU
		{C1419586-6378-41DE-942A-D650B06C5375}.Release|Any CPU.ActiveCfg = Release|Any CPU
		{C1419586-6378-41DE-942A-D650B06C5375}.Release|Any CPU.Build.0 = Release|Any CPU
		{A8CD58E1-2ACE-433D-8729-ADC88A8A97DE}.Debug|Any CPU.ActiveCfg = Debug|Any CPU
		{A8CD58E1-2ACE-433D-8729-ADC88A8A97DE}.Debug|Any CPU.Build.0 = Debug|Any CPU
		{A8CD58E1-2ACE-433D-8729-ADC88A8A97DE}.Release|Any CPU.ActiveCfg = Release|Any CPU
		{A8CD58E1-2ACE-433D-8729-ADC88A8A97DE}.Release|Any CPU.Build.0 = Release|Any CPU
		{B7E4098D-7664-47A0-AE0C-739E0593EB6B}.Debug|Any CPU.ActiveCfg = Debug|Any CPU
		{B7E4098D-7664-47A0-AE0C-739E0593EB6B}.Debug|Any CPU.Build.0 = Debug|Any CPU
		{B7E4098D-7664-47A0-AE0C-739E0593EB6B}.Release|Any CPU.ActiveCfg = Release|Any CPU
		{B7E4098D-7664-47A0-AE0C-739E0593EB6B}.Release|Any CPU.Build.0 = Release|Any CPU
		{A81D70F1-A93E-4C41-955E-6B84E6E856D5}.Debug|Any CPU.ActiveCfg = Debug|Any CPU
		{A81D70F1-A93E-4C41-955E-6B84E6E856D5}.Debug|Any CPU.Build.0 = Debug|Any CPU
		{A81D70F1-A93E-4C41-955E-6B84E6E856D5}.Release|Any CPU.ActiveCfg = Release|Any CPU
		{A81D70F1-A93E-4C41-955E-6B84E6E856D5}.Release|Any CPU.Build.0 = Release|Any CPU
		{D2BCF9A8-60BB-4ACC-A088-02E0B6BB38AF}.Debug|Any CPU.ActiveCfg = Debug|Any CPU
		{D2BCF9A8-60BB-4ACC-A088-02E0B6BB38AF}.Debug|Any CPU.Build.0 = Debug|Any CPU
		{D2BCF9A8-60BB-4ACC-A088-02E0B6BB38AF}.Release|Any CPU.ActiveCfg = Release|Any CPU
		{D2BCF9A8-60BB-4ACC-A088-02E0B6BB38AF}.Release|Any CPU.Build.0 = Release|Any CPU
		{32982156-006D-48FC-9F25-E0EC71DD324A}.Debug|Any CPU.ActiveCfg = Debug|Any CPU
		{32982156-006D-48FC-9F25-E0EC71DD324A}.Debug|Any CPU.Build.0 = Debug|Any CPU
		{32982156-006D-48FC-9F25-E0EC71DD324A}.Release|Any CPU.ActiveCfg = Release|Any CPU
		{32982156-006D-48FC-9F25-E0EC71DD324A}.Release|Any CPU.Build.0 = Release|Any CPU
		{F360BECD-A134-45A8-80A6-835DF4FC10A1}.Debug|Any CPU.ActiveCfg = Debug|Any CPU
		{F360BECD-A134-45A8-80A6-835DF4FC10A1}.Debug|Any CPU.Build.0 = Debug|Any CPU
		{F360BECD-A134-45A8-80A6-835DF4FC10A1}.Release|Any CPU.ActiveCfg = Release|Any CPU
		{F360BECD-A134-45A8-80A6-835DF4FC10A1}.Release|Any CPU.Build.0 = Release|Any CPU
		{54F042A9-5027-4A8A-8470-84FFE1409DBD}.Debug|Any CPU.ActiveCfg = Debug|Any CPU
		{54F042A9-5027-4A8A-8470-84FFE1409DBD}.Debug|Any CPU.Build.0 = Debug|Any CPU
		{54F042A9-5027-4A8A-8470-84FFE1409DBD}.Release|Any CPU.ActiveCfg = Release|Any CPU
		{54F042A9-5027-4A8A-8470-84FFE1409DBD}.Release|Any CPU.Build.0 = Release|Any CPU
		{377D67F4-8A88-491D-BD42-94F27C5190CE}.Debug|Any CPU.ActiveCfg = Debug|Any CPU
		{377D67F4-8A88-491D-BD42-94F27C5190CE}.Debug|Any CPU.Build.0 = Debug|Any CPU
		{377D67F4-8A88-491D-BD42-94F27C5190CE}.Release|Any CPU.ActiveCfg = Release|Any CPU
		{377D67F4-8A88-491D-BD42-94F27C5190CE}.Release|Any CPU.Build.0 = Release|Any CPU
		{B79866C5-C68F-4EEA-AD53-DE6A4D022E6C}.Debug|Any CPU.ActiveCfg = Debug|Any CPU
		{B79866C5-C68F-4EEA-AD53-DE6A4D022E6C}.Debug|Any CPU.Build.0 = Debug|Any CPU
		{B79866C5-C68F-4EEA-AD53-DE6A4D022E6C}.Release|Any CPU.ActiveCfg = Release|Any CPU
		{B79866C5-C68F-4EEA-AD53-DE6A4D022E6C}.Release|Any CPU.Build.0 = Release|Any CPU
		{14590336-F42F-4211-B53B-3E2FDEA76BBA}.Debug|Any CPU.ActiveCfg = Debug|Any CPU
		{14590336-F42F-4211-B53B-3E2FDEA76BBA}.Debug|Any CPU.Build.0 = Debug|Any CPU
		{14590336-F42F-4211-B53B-3E2FDEA76BBA}.Release|Any CPU.ActiveCfg = Release|Any CPU
		{14590336-F42F-4211-B53B-3E2FDEA76BBA}.Release|Any CPU.Build.0 = Release|Any CPU
	EndGlobalSection
	GlobalSection(SolutionProperties) = preSolution
		HideSolutionNode = FALSE
	EndGlobalSection
EndGlobal
